
Microsoft Visual Studio Solution File, Format Version 12.00
# Visual Studio Version 16
VisualStudioVersion = 16.0.30907.101
MinimumVisualStudioVersion = 10.0.40219.1
Project("{9A19103F-16F7-4668-BE54-9A1E7A4F7556}") = "segundoBlazor.Server", "segundoBlazor\Server\segundoBlazor.Server.csproj", "{F3074451-0FD0-42E3-BF6D-C3EB2EBFAAA2}"
EndProject
Project("{9A19103F-16F7-4668-BE54-9A1E7A4F7556}") = "segundoBlazor.Client", "segundoBlazor\Client\segundoBlazor.Client.csproj", "{F41E9A25-BA82-42D2-B40D-56749F0E44EC}"
EndProject
Project("{9A19103F-16F7-4668-BE54-9A1E7A4F7556}") = "segundoBlazor.Shared", "segundoBlazor\Shared\segundoBlazor.Shared.csproj", "{3AF3BA48-E6A3-468B-A266-6D77F84B012D}"
EndProject
Global
	GlobalSection(SolutionConfigurationPlatforms) = preSolution
		Debug|Any CPU = Debug|Any CPU
		Release|Any CPU = Release|Any CPU
	EndGlobalSection
	GlobalSection(ProjectConfigurationPlatforms) = postSolution
		{F3074451-0FD0-42E3-BF6D-C3EB2EBFAAA2}.Debug|Any CPU.ActiveCfg = Debug|Any CPU
		{F3074451-0FD0-42E3-BF6D-C3EB2EBFAAA2}.Debug|Any CPU.Build.0 = Debug|Any CPU
		{F3074451-0FD0-42E3-BF6D-C3EB2EBFAAA2}.Release|Any CPU.ActiveCfg = Release|Any CPU
		{F3074451-0FD0-42E3-BF6D-C3EB2EBFAAA2}.Release|Any CPU.Build.0 = Release|Any CPU
		{F41E9A25-BA82-42D2-B40D-56749F0E44EC}.Debug|Any CPU.ActiveCfg = Debug|Any CPU
		{F41E9A25-BA82-42D2-B40D-56749F0E44EC}.Debug|Any CPU.Build.0 = Debug|Any CPU
		{F41E9A25-BA82-42D2-B40D-56749F0E44EC}.Release|Any CPU.ActiveCfg = Release|Any CPU
		{F41E9A25-BA82-42D2-B40D-56749F0E44EC}.Release|Any CPU.Build.0 = Release|Any CPU
		{3AF3BA48-E6A3-468B-A266-6D77F84B012D}.Debug|Any CPU.ActiveCfg = Debug|Any CPU
		{3AF3BA48-E6A3-468B-A266-6D77F84B012D}.Debug|Any CPU.Build.0 = Debug|Any CPU
		{3AF3BA48-E6A3-468B-A266-6D77F84B012D}.Release|Any CPU.ActiveCfg = Release|Any CPU
		{3AF3BA48-E6A3-468B-A266-6D77F84B012D}.Release|Any CPU.Build.0 = Release|Any CPU
	EndGlobalSection
	GlobalSection(SolutionProperties) = preSolution
		HideSolutionNode = FALSE
	EndGlobalSection
	GlobalSection(ExtensibilityGlobals) = postSolution
		SolutionGuid = {BE7C9153-B3C8-4422-A1AC-B957138575D9}
	EndGlobalSection
EndGlobal
